
Microsoft Visual Studio Solution File, Format Version 12.00
# Visual Studio Version 16
VisualStudioVersion = 16.0.29025.244
MinimumVisualStudioVersion = 10.0.40219.1
Project("{FAE04EC0-301F-11D3-BF4B-00C04F79EFBC}") = "Empresas", "Empresas\Empresas.csproj", "{B30291E1-932B-4EB9-8365-88EF5F410E45}"
EndProject
Global
	GlobalSection(SolutionConfigurationPlatforms) = preSolution
		Debug|Any CPU = Debug|Any CPU
		Release|Any CPU = Release|Any CPU
	EndGlobalSection
	GlobalSection(ProjectConfigurationPlatforms) = postSolution
		{B30291E1-932B-4EB9-8365-88EF5F410E45}.Debug|Any CPU.ActiveCfg = Debug|Any CPU
		{B30291E1-932B-4EB9-8365-88EF5F410E45}.Debug|Any CPU.Build.0 = Debug|Any CPU
		{B30291E1-932B-4EB9-8365-88EF5F410E45}.Release|Any CPU.ActiveCfg = Release|Any CPU
		{B30291E1-932B-4EB9-8365-88EF5F410E45}.Release|Any CPU.Build.0 = Release|Any CPU
	EndGlobalSection
	GlobalSection(SolutionProperties) = preSolution
		HideSolutionNode = FALSE
	EndGlobalSection
	GlobalSection(ExtensibilityGlobals) = postSolution
		SolutionGuid = {C63938C9-F9A3-44B0-8E83-70583713DB20}
	EndGlobalSection
EndGlobal
